{
  "name": "asproject",
  "version": "1.0.0",
  "lockfileVersion": 2,
  "requires": true,
  "packages": {
    "": {
      "name": "asproject",
      "version": "1.0.0",
      "license": "ISC",
      "dependencies": {
        "@loupeteam/librarybuilderproject": "^0.3.0",
        "@loupeteam/stringext": "^0.14.4",
        "@loupeteam/tlsf": "^1.0.2",
        "@loupeteam/vartools": "^0.11.3"
      }
    },
    "node_modules/@loupeteam/librarybuilderproject": {
      "version": "0.3.0",
      "resolved": "https://npm.pkg.github.com/download/@loupeteam/librarybuilderproject/0.3.0/9c3c1fc98350439d618573f3b465d94e3ae1e000",
      "integrity": "sha512-kUOwhpPoqQ1DikLGFBH3c8+nsb28ayX2IpQRC0UaEg34cV4GrRoI0FvkSovc3tgrGohpyvxFPRy5C6TM5wj7JA==",
      "license": "MIT"
    },
    "node_modules/@loupeteam/stringext": {
      "version": "0.14.4",
      "resolved": "https://npm.pkg.github.com/download/@loupeteam/stringext/0.14.4/9d7c965dd094afeaf89b9f48c9b882ce798890dc",
      "integrity": "sha512-xYNj2b+SUxIgM5ZvB+BgDL+cqWkaKHAN65GbyNCd1B/SExiqUDO/VMa77/Sk2XlIZdzXj5mXxjwU/zjY97WsMg==",
      "license": "MIT"
    },
    "node_modules/@loupeteam/tlsf": {
      "version": "1.0.2",
      "resolved": "https://npm.pkg.github.com/download/@loupeteam/tlsf/1.0.2/08875faea4a96fd4282329912e0c2c6eb556c544",
      "integrity": "sha512-+ImXe9uJvpRU2M6czujMIfswM+g2oYtELie0GSrtcamFC3/KiPFtEeOJHb+JMx3c9rcuJ2yCdfNjgK2k3dRSpQ==",
      "license": "Loupe Software License Agreement"
    },
    "node_modules/@loupeteam/vartools": {
      "version": "0.11.3",
      "resolved": "https://npm.pkg.github.com/download/@loupeteam/vartools/0.11.3/edf84e21e928d1bef4bafea2ccbf31d560790b92",
      "integrity": "sha512-ZKSvCPCGDXw/Qki/vo7I9SZJqwXpUF4HjypwpDwRZCDgiY0gt5aNsFj1Rm6uWqgSn4FJ+njhWXfF9QHyR98Rsg==",
      "license": "MIT",
      "dependencies": {
        "@loupeteam/stringext": ">=0.14.0 <=0.14.9"
      }
    }
  },
  "dependencies": {
    "@loupeteam/librarybuilderproject": {
      "version": "0.3.0",
      "resolved": "https://npm.pkg.github.com/download/@loupeteam/librarybuilderproject/0.3.0/9c3c1fc98350439d618573f3b465d94e3ae1e000",
      "integrity": "sha512-kUOwhpPoqQ1DikLGFBH3c8+nsb28ayX2IpQRC0UaEg34cV4GrRoI0FvkSovc3tgrGohpyvxFPRy5C6TM5wj7JA=="
    },
    "@loupeteam/stringext": {
      "version": "0.14.4",
      "resolved": "https://npm.pkg.github.com/download/@loupeteam/stringext/0.14.4/9d7c965dd094afeaf89b9f48c9b882ce798890dc",
      "integrity": "sha512-xYNj2b+SUxIgM5ZvB+BgDL+cqWkaKHAN65GbyNCd1B/SExiqUDO/VMa77/Sk2XlIZdzXj5mXxjwU/zjY97WsMg=="
    },
    "@loupeteam/tlsf": {
      "version": "1.0.2",
      "resolved": "https://npm.pkg.github.com/download/@loupeteam/tlsf/1.0.2/08875faea4a96fd4282329912e0c2c6eb556c544",
      "integrity": "sha512-+ImXe9uJvpRU2M6czujMIfswM+g2oYtELie0GSrtcamFC3/KiPFtEeOJHb+JMx3c9rcuJ2yCdfNjgK2k3dRSpQ=="
    },
    "@loupeteam/vartools": {
      "version": "0.11.3",
      "resolved": "https://npm.pkg.github.com/download/@loupeteam/vartools/0.11.3/edf84e21e928d1bef4bafea2ccbf31d560790b92",
      "integrity": "sha512-ZKSvCPCGDXw/Qki/vo7I9SZJqwXpUF4HjypwpDwRZCDgiY0gt5aNsFj1Rm6uWqgSn4FJ+njhWXfF9QHyR98Rsg==",
      "requires": {
        "@loupeteam/stringext": ">=0.14.0 <=0.14.9"
      }
    }
  }
}
