{
  "name": "asproject",
  "version": "1.0.0",
  "lockfileVersion": 3,
  "requires": true,
  "packages": {
    "": {
      "name": "asproject",
      "version": "1.0.0",
      "license": "MIT",
      "dependencies": {
        "@loupeteam/librarybuilderproject": "^1.0.1",
        "@loupeteam/stringext": "^1.0.0",
        "@loupeteam/vartools": "^1.0.0"
      }
    },
    "node_modules/@loupeteam/librarybuilderproject": {
      "version": "1.0.1",
      "resolved": "https://npm.pkg.github.com/download/@loupeteam/librarybuilderproject/1.0.1/7c9555096f7ef8e8ce6b355c76533cb86d3b0229",
      "integrity": "sha512-0a31O2d0/LpWOwOvde6hIU/ZKPt4B9RXgrM/KQi2ayXm9UuDudNdp0YqCiTDm+UqciUlY5GtpQzOhx4VYfKdbA==",
      "license": "MIT"
    },
    "node_modules/@loupeteam/stringext": {
      "version": "1.0.0",
      "resolved": "https://npm.pkg.github.com/download/@loupeteam/stringext/1.0.0/9da05bfa435b70b88d57f6a3abe7e1b03d1ac9f4",
      "integrity": "sha512-CkwWziPxGwLisndcMunmR7DLdX1tvrt1hxHVn9ZYqJ8L6defPZr/ZWutpT+qhQJgoQnt5n+N48M1gbv6WclTHg==",
      "license": "MIT"
    },
    "node_modules/@loupeteam/vartools": {
      "version": "1.0.0",
      "resolved": "https://npm.pkg.github.com/download/@loupeteam/vartools/1.0.0/b105450a7e0560e86398afc2e715b90a54541c79",
      "integrity": "sha512-YndEhEkCJwYOg0MsX5xIEoyttZaZwqkGHeBO73wVrRZqcKc8RvrnLYPpYEgiEdUf8O8DiZ+3hb7Jra26CMwl3Q==",
      "license": "MIT",
      "dependencies": {
        "@loupeteam/stringext": "*"
      }
    }
  }
}
